<Solution>
  <Configurations>
    <Platform Name="Any CPU" />
    <Platform Name="x64" />
    <Platform Name="x86" />
  </Configurations>
  <Project Path="common/common.csproj" />
  <Project Path="consumer/consumer.csproj" />
  <Project Path="producer/producer.csproj" />
  <Project Path="tests/tests.csproj" />
</Solution>
