{
  "version": 1,
  "dependencies": {
    "net10.0": {
      "Dapr.AspNetCore": {
        "type": "Direct",
        "requested": "[1.17.8, )",
        "resolved": "1.17.8",
        "contentHash": "xIDDhPn2UX0o5iyLfZXq3XEK3hGlCV2eeDHP33ggNme7cnAwnXy64bXs6W2/NtO4RQdrBU9SGV7bxw6Pd3cyGQ==",
        "dependencies": {
          "Dapr.Client": "1.17.8",
          "Dapr.Common": "1.17.8",
          "Google.Api.CommonProtos": "2.17.0",
          "Google.Protobuf": "3.34.0",
          "Grpc.Net.Client": "2.76.0"
        }
      },
      "Dapr.Client": {
        "type": "Transitive",
        "resolved": "1.17.8",
        "contentHash": "x1DJiTfFfWuKMqV5+QucnYb2/AZGC/1rlvQCHax8axkHwlDUYUDhiU8HJoqeN0jMRoF3NW6oN0Ya1r8qkGz4fQ==",
        "dependencies": {
          "Dapr.Common": "1.17.8",
          "Dapr.Protos": "1.17.8",
          "Google.Api.CommonProtos": "2.17.0",
          "Google.Protobuf": "3.34.0",
          "Grpc.Net.Client": "2.76.0"
        }
      },
      "Dapr.Common": {
        "type": "Transitive",
        "resolved": "1.17.8",
        "contentHash": "W4IQICNwgFHDI76Ig0HrMEfRvZOj1E2hJIlMPLPLxTV0BLX0tEfgSHdLNyHdGGGd8L9VG/R3ujVEH1GZek+n0g==",
        "dependencies": {
          "Dapr.Protos": "1.17.8",
          "Google.Api.CommonProtos": "2.17.0",
          "Google.Protobuf": "3.34.0",
          "Grpc.Net.Client": "2.76.0"
        }
      },
      "Dapr.Protos": {
        "type": "Transitive",
        "resolved": "1.17.8",
        "contentHash": "4ao8NFFL1cI4WIsPj349OGHAVlbRJrxjxmegire6+8mvlXv97K7950WSwa+Jphite7g/V7YLuukSoKC1ZB7L6g==",
        "dependencies": {
          "Google.Api.CommonProtos": "2.17.0",
          "Google.Protobuf": "3.34.0",
          "Grpc.Net.Client": "2.76.0"
        }
      },
      "Google.Api.CommonProtos": {
        "type": "Transitive",
        "resolved": "2.17.0",
        "contentHash": "elfQPknFr495hm7vdy6ZlgyQh6yzZq9TU7sS35L/Fj/fqjM/mUGau9gVJLhvQEtUlPjtR80hpn/m9HvBMyCXIw==",
        "dependencies": {
          "Google.Protobuf": "[3.31.1, 4.0.0]"
        }
      },
      "Google.Protobuf": {
        "type": "Transitive",
        "resolved": "3.34.0",
        "contentHash": "a5US9akiNczS5kC7qBqYqJmnxHVQDITZD6GRRbwGHk/oa17EwOGE3PHIWFVeHTqCctq8mVjLSelwsxCkYYBinA=="
      },
      "Grpc.Core.Api": {
        "type": "Transitive",
        "resolved": "2.76.0",
        "contentHash": "cSxC2tdnFdXXuBgIn1pjc4YBx7LXTCp4M0qn+SMBS35VWZY+cEQYLWTBDDhdBH1HzU7BV+ncVZlniGQHMpRJKQ=="
      },
      "Grpc.Net.Client": {
        "type": "Transitive",
        "resolved": "2.76.0",
        "contentHash": "K1oldmqw2+Gn69nGRzZLhqSiUZwelX1GrBu/cUl9wNf1C0uB61vFS6JcxUUv9P8VoUJhFsmV44JA6lI2EUt4xw==",
        "dependencies": {
          "Grpc.Net.Common": "2.76.0"
        }
      },
      "Grpc.Net.Common": {
        "type": "Transitive",
        "resolved": "2.76.0",
        "contentHash": "bZpiMVYgvpB44/wBh1RotrkqC7bg2FOasLri2GhR3hMKyzsiTxCoDE49YjPrJeFc4RW0wS8u+EInI09sjxVFRA==",
        "dependencies": {
          "Grpc.Core.Api": "2.76.0"
        }
      }
    }
  }
}